
Microsoft Visual Studio Solution File, Format Version 12.00
# Visual Studio Version 17
VisualStudioVersion = 17.2.32519.379
MinimumVisualStudioVersion = 10.0.40219.1
Project("{FAE04EC0-301F-11D3-BF4B-00C04F79EFBC}") = "MyFirstProgram", "MyFirstProgram\MyFirstProgram.csproj", "{B1D18C16-FC37-4407-8933-CE03E1278758}"
EndProject
Global
	GlobalSection(SolutionConfigurationPlatforms) = preSolution
		Debug|Any CPU = Debug|Any CPU
		Release|Any CPU = Release|Any CPU
	EndGlobalSection
	GlobalSection(ProjectConfigurationPlatforms) = postSolution
		{B1D18C16-FC37-4407-8933-CE03E1278758}.Debug|Any CPU.ActiveCfg = Debug|Any CPU
		{B1D18C16-FC37-4407-8933-CE03E1278758}.Debug|Any CPU.Build.0 = Debug|Any CPU
		{B1D18C16-FC37-4407-8933-CE03E1278758}.Release|Any CPU.ActiveCfg = Release|Any CPU
		{B1D18C16-FC37-4407-8933-CE03E1278758}.Release|Any CPU.Build.0 = Release|Any CPU
	EndGlobalSection
	GlobalSection(SolutionProperties) = preSolution
		HideSolutionNode = FALSE
	EndGlobalSection
	GlobalSection(ExtensibilityGlobals) = postSolution
		SolutionGuid = {BA1B4A00-1950-4178-BA1B-01FDD9DC4282}
	EndGlobalSection
EndGlobal
